
Microsoft Visual Studio Solution File, Format Version 12.00
# Visual Studio Version 16
VisualStudioVersion = 16.0.29409.12
MinimumVisualStudioVersion = 10.0.40219.1
Project("{FAE04EC0-301F-11D3-BF4B-00C04F79EFBC}") = "EEUniverse.LoginExtensions", "EEUniverse.LoginExtensions\EEUniverse.LoginExtensions.csproj", "{5D054A7F-766F-41B7-AE2A-2012695DBE6B}"
EndProject
Global
	GlobalSection(SolutionConfigurationPlatforms) = preSolution
		Debug|Any CPU = Debug|Any CPU
		Release|Any CPU = Release|Any CPU
	EndGlobalSection
	GlobalSection(ProjectConfigurationPlatforms) = postSolution
		{5D054A7F-766F-41B7-AE2A-2012695DBE6B}.Debug|Any CPU.ActiveCfg = Debug|Any CPU
		{5D054A7F-766F-41B7-AE2A-2012695DBE6B}.Debug|Any CPU.Build.0 = Debug|Any CPU
		{5D054A7F-766F-41B7-AE2A-2012695DBE6B}.Release|Any CPU.ActiveCfg = Release|Any CPU
		{5D054A7F-766F-41B7-AE2A-2012695DBE6B}.Release|Any CPU.Build.0 = Release|Any CPU
	EndGlobalSection
	GlobalSection(SolutionProperties) = preSolution
		HideSolutionNode = FALSE
	EndGlobalSection
	GlobalSection(ExtensibilityGlobals) = postSolution
		SolutionGuid = {A843DE58-04B7-4F7F-AE7D-5433AA4FA107}
	EndGlobalSection
EndGlobal
